<?xml version="1.0" encoding="UTF-8" standalone="yes" ?>
<CodeBlocks_project_file>
	<FileVersion major="1" minor="6" />
	<Project>
		<Option title="oc作业" />
		<Option pch_mode="2" />
		<Option compiler="gnustep_mingw_compiler" />
		<Build>
			<Target title="Debug">
				<Option output="bin/Debug/oc作业" prefix_auto="1" extension_auto="1" />
				<Option object_output="obj/Debug/" />
				<Option type="1" />
				<Option compiler="gnustep_mingw_compiler" />
				<Compiler>
					<Add option="-g" />
					<Add option="-fconstant-string-class=NSConstantString" />
					<Add directory="C:/GNUstep/GNUstep/System/Library/Headers" />
				</Compiler>
				<Linker>
					<Add library="C:/GNUstep/GNUstep/System/Library/Libraries/libobjc.dll.a" />
					<Add library="C:/GNUstep/GNUstep/System/Library/Libraries/libgnustep-base.dll.a" />
				</Linker>
			</Target>
			<Target title="Release">
				<Option output="bin/Release/oc作业" prefix_auto="1" extension_auto="1" />
				<Option object_output="obj/Release/" />
				<Option type="1" />
				<Option compiler="gnustep_mingw_compiler" />
				<Compiler>
					<Add option="-O2" />
				</Compiler>
				<Linker>
					<Add option="-s" />
				</Linker>
			</Target>
		</Build>
		<Compiler>
			<Add option="-Wall" />
		</Compiler>
		<Unit filename="Student.h" />
		<Unit filename="main.m">
			<Option compilerVar="CC" />
			<Option compile="1" />
			<Option link="1" />
		</Unit>
		<Extensions />
	</Project>
</CodeBlocks_project_file>
